
Microsoft Visual Studio Solution File, Format Version 12.00
# Visual Studio 15
VisualStudioVersion = 15.0.27130.2036
MinimumVisualStudioVersion = 10.0.40219.1
Project("{FAE04EC0-301F-11D3-BF4B-00C04F79EFBC}") = "BenchMarkingExploration", "BenchMarkingExploration\BenchMarkingExploration.csproj", "{16D05952-8207-4F4F-9B7B-3BCB9108E319}"
EndProject
Global
	GlobalSection(SolutionConfigurationPlatforms) = preSolution
		Debug|Any CPU = Debug|Any CPU
		Release|Any CPU = Release|Any CPU
	EndGlobalSection
	GlobalSection(ProjectConfigurationPlatforms) = postSolution
		{16D05952-8207-4F4F-9B7B-3BCB9108E319}.Debug|Any CPU.ActiveCfg = Debug|Any CPU
		{16D05952-8207-4F4F-9B7B-3BCB9108E319}.Debug|Any CPU.Build.0 = Debug|Any CPU
		{16D05952-8207-4F4F-9B7B-3BCB9108E319}.Release|Any CPU.ActiveCfg = Release|Any CPU
		{16D05952-8207-4F4F-9B7B-3BCB9108E319}.Release|Any CPU.Build.0 = Release|Any CPU
	EndGlobalSection
	GlobalSection(SolutionProperties) = preSolution
		HideSolutionNode = FALSE
	EndGlobalSection
	GlobalSection(ExtensibilityGlobals) = postSolution
		SolutionGuid = {D11C722D-9CEB-41BF-8914-470CBCC81F26}
	EndGlobalSection
EndGlobal
